
Microsoft Visual Studio Solution File, Format Version 12.00
# Visual Studio Version 16
VisualStudioVersion = 16.0.30517.126
MinimumVisualStudioVersion = 10.0.40219.1
Project("{9A19103F-16F7-4668-BE54-9A1E7A4F7556}") = "FMR", "FMR.csproj", "{2F93B480-D60D-4872-BB3D-246752D96288}"
EndProject
Project("{9A19103F-16F7-4668-BE54-9A1E7A4F7556}") = "FMRRole", "..\FMRRole\FMRRole.csproj", "{285D48F9-4750-4614-BCEB-66ED565FD506}"
EndProject
Global
	GlobalSection(SolutionConfigurationPlatforms) = preSolution
		Debug|Any CPU = Debug|Any CPU
		Release|Any CPU = Release|Any CPU
	EndGlobalSection
	GlobalSection(ProjectConfigurationPlatforms) = postSolution
		{2F93B480-D60D-4872-BB3D-246752D96288}.Debug|Any CPU.ActiveCfg = Debug|Any CPU
		{2F93B480-D60D-4872-BB3D-246752D96288}.Debug|Any CPU.Build.0 = Debug|Any CPU
		{2F93B480-D60D-4872-BB3D-246752D96288}.Release|Any CPU.ActiveCfg = Release|Any CPU
		{2F93B480-D60D-4872-BB3D-246752D96288}.Release|Any CPU.Build.0 = Release|Any CPU
		{285D48F9-4750-4614-BCEB-66ED565FD506}.Debug|Any CPU.ActiveCfg = Debug|Any CPU
		{285D48F9-4750-4614-BCEB-66ED565FD506}.Debug|Any CPU.Build.0 = Debug|Any CPU
		{285D48F9-4750-4614-BCEB-66ED565FD506}.Release|Any CPU.ActiveCfg = Release|Any CPU
		{285D48F9-4750-4614-BCEB-66ED565FD506}.Release|Any CPU.Build.0 = Release|Any CPU
	EndGlobalSection
	GlobalSection(SolutionProperties) = preSolution
		HideSolutionNode = FALSE
	EndGlobalSection
	GlobalSection(ExtensibilityGlobals) = postSolution
		SolutionGuid = {C04F1F8B-8131-4A4B-BB8E-043E7473E077}
	EndGlobalSection
EndGlobal
